
Microsoft Visual Studio Solution File, Format Version 12.00
# Visual Studio Version 16
VisualStudioVersion = 25.0.1706.12
MinimumVisualStudioVersion = 10.0.40219.1
Project("{FAE04EC0-301F-11D3-BF4B-00C04F79EFBC}") = "JobApplicationLibrary", "JobApplicationLibrary\JobApplicationLibrary.csproj", "{F1085D49-8A35-4CE7-B06C-89D8840DF8EB}"
EndProject
Project("{FAE04EC0-301F-11D3-BF4B-00C04F79EFBC}") = "JobAppliacationLibrary.UnitTest", "JobAppliacationLibrary.UnitTest\JobAppliacationLibrary.UnitTest.csproj", "{B4571CC9-5EAB-48CC-98E3-15A1EAA2D872}"
EndProject
Global
	GlobalSection(SolutionConfigurationPlatforms) = preSolution
		Debug|Any CPU = Debug|Any CPU
		Release|Any CPU = Release|Any CPU
	EndGlobalSection
	GlobalSection(ProjectConfigurationPlatforms) = postSolution
		{F1085D49-8A35-4CE7-B06C-89D8840DF8EB}.Debug|Any CPU.ActiveCfg = Debug|Any CPU
		{F1085D49-8A35-4CE7-B06C-89D8840DF8EB}.Debug|Any CPU.Build.0 = Debug|Any CPU
		{F1085D49-8A35-4CE7-B06C-89D8840DF8EB}.Release|Any CPU.ActiveCfg = Release|Any CPU
		{F1085D49-8A35-4CE7-B06C-89D8840DF8EB}.Release|Any CPU.Build.0 = Release|Any CPU
		{B4571CC9-5EAB-48CC-98E3-15A1EAA2D872}.Debug|Any CPU.ActiveCfg = Debug|Any CPU
		{B4571CC9-5EAB-48CC-98E3-15A1EAA2D872}.Debug|Any CPU.Build.0 = Debug|Any CPU
		{B4571CC9-5EAB-48CC-98E3-15A1EAA2D872}.Release|Any CPU.ActiveCfg = Release|Any CPU
		{B4571CC9-5EAB-48CC-98E3-15A1EAA2D872}.Release|Any CPU.Build.0 = Release|Any CPU
	EndGlobalSection
	GlobalSection(SolutionProperties) = preSolution
		HideSolutionNode = FALSE
	EndGlobalSection
	GlobalSection(ExtensibilityGlobals) = postSolution
		SolutionGuid = {B0372B0C-610D-4946-9E85-BA48CD643B78}
	EndGlobalSection
EndGlobal
